
Microsoft Visual Studio Solution File, Format Version 12.00
# Visual Studio 2013
VisualStudioVersion = 12.0.21005.1
MinimumVisualStudioVersion = 10.0.40219.1
Project("{FAE04EC0-301F-11D3-BF4B-00C04F79EFBC}") = "Shapes", "Shapes\Shapes.csproj", "{0A1A634F-AA1A-48E2-B103-BBD1CED98729}"
EndProject
Project("{FAE04EC0-301F-11D3-BF4B-00C04F79EFBC}") = "Bank", "Bank\Bank.csproj", "{FAF0F8D8-681C-4C8A-B6A8-821EA1F10B22}"
EndProject
Project("{FAE04EC0-301F-11D3-BF4B-00C04F79EFBC}") = "Exeptions", "Exeptions\Exeptions.csproj", "{F879A420-6719-41BA-BA77-0CC23A3F2901}"
EndProject
Global
	GlobalSection(SolutionConfigurationPlatforms) = preSolution
		Debug|Any CPU = Debug|Any CPU
		Release|Any CPU = Release|Any CPU
	EndGlobalSection
	GlobalSection(ProjectConfigurationPlatforms) = postSolution
		{0A1A634F-AA1A-48E2-B103-BBD1CED98729}.Debug|Any CPU.ActiveCfg = Debug|Any CPU
		{0A1A634F-AA1A-48E2-B103-BBD1CED98729}.Debug|Any CPU.Build.0 = Debug|Any CPU
		{0A1A634F-AA1A-48E2-B103-BBD1CED98729}.Release|Any CPU.ActiveCfg = Release|Any CPU
		{0A1A634F-AA1A-48E2-B103-BBD1CED98729}.Release|Any CPU.Build.0 = Release|Any CPU
		{FAF0F8D8-681C-4C8A-B6A8-821EA1F10B22}.Debug|Any CPU.ActiveCfg = Debug|Any CPU
		{FAF0F8D8-681C-4C8A-B6A8-821EA1F10B22}.Debug|Any CPU.Build.0 = Debug|Any CPU
		{FAF0F8D8-681C-4C8A-B6A8-821EA1F10B22}.Release|Any CPU.ActiveCfg = Release|Any CPU
		{FAF0F8D8-681C-4C8A-B6A8-821EA1F10B22}.Release|Any CPU.Build.0 = Release|Any CPU
		{F879A420-6719-41BA-BA77-0CC23A3F2901}.Debug|Any CPU.ActiveCfg = Debug|Any CPU
		{F879A420-6719-41BA-BA77-0CC23A3F2901}.Debug|Any CPU.Build.0 = Debug|Any CPU
		{F879A420-6719-41BA-BA77-0CC23A3F2901}.Release|Any CPU.ActiveCfg = Release|Any CPU
		{F879A420-6719-41BA-BA77-0CC23A3F2901}.Release|Any CPU.Build.0 = Release|Any CPU
	EndGlobalSection
	GlobalSection(SolutionProperties) = preSolution
		HideSolutionNode = FALSE
	EndGlobalSection
EndGlobal
